PODS:
  - Flutter (1.0.0)
  - flutter_alibc (0.0.1):
    - Flutter

DEPENDENCIES:
  - Flutter (from `Flutter`)
  - flutter_alibc (from `.symlinks/plugins/flutter_alibc/ios`)

EXTERNAL SOURCES:
  Flutter:
    :path: Flutter
  flutter_alibc:
    :path: ".symlinks/plugins/flutter_alibc/ios"

SPEC CHECKSUMS:
  Flutter: 50d75fe2f02b26cc09d224853bb45737f8b3214a
  flutter_alibc: d052cf9c410dd5b3e1da3ca2af6d7b13b1dcba60

PODFILE CHECKSUM: c828106a054d27aae8b2872e20bfd100c5f77425

COCOAPODS: 1.11.3
